
Microsoft Visual Studio Solution File, Format Version 12.00
# Visual Studio Version 17
VisualStudioVersion = 17.11.35312.102
MinimumVisualStudioVersion = 10.0.40219.1
Project("{9A19103F-16F7-4668-BE54-9A1E7A4F7556}") = "ProductManagement", "ProductManagement.csproj", "{579005B0-503F-4185-B66A-72848D1DDF30}"
EndProject
Global
	GlobalSection(SolutionConfigurationPlatforms) = preSolution
		Debug|Any CPU = Debug|Any CPU
		Release|Any CPU = Release|Any CPU
	EndGlobalSection
	GlobalSection(ProjectConfigurationPlatforms) = postSolution
		{579005B0-503F-4185-B66A-72848D1DDF30}.Debug|Any CPU.ActiveCfg = Debug|Any CPU
		{579005B0-503F-4185-B66A-72848D1DDF30}.Debug|Any CPU.Build.0 = Debug|Any CPU
		{579005B0-503F-4185-B66A-72848D1DDF30}.Release|Any CPU.ActiveCfg = Release|Any CPU
		{579005B0-503F-4185-B66A-72848D1DDF30}.Release|Any CPU.Build.0 = Release|Any CPU
	EndGlobalSection
	GlobalSection(SolutionProperties) = preSolution
		HideSolutionNode = FALSE
	EndGlobalSection
	GlobalSection(ExtensibilityGlobals) = postSolution
		SolutionGuid = {CE1A02D5-E4B2-4418-9DCB-CA77DA07B1D3}
	EndGlobalSection
EndGlobal
